
Microsoft Visual Studio Solution File, Format Version 12.00
# Visual Studio Version 16
VisualStudioVersion = 16.0.29326.143
MinimumVisualStudioVersion = 10.0.40219.1
Project("{FAE04EC0-301F-11D3-BF4B-00C04F79EFBC}") = "ClientAppBackend", "ClientAppBackend\ClientAppBackend.csproj", "{9068EBAD-EB4D-4607-86D6-10CC0899618E}"
EndProject
Global
	GlobalSection(SolutionConfigurationPlatforms) = preSolution
		Debug|Any CPU = Debug|Any CPU
		Release|Any CPU = Release|Any CPU
	EndGlobalSection
	GlobalSection(ProjectConfigurationPlatforms) = postSolution
		{9068EBAD-EB4D-4607-86D6-10CC0899618E}.Debug|Any CPU.ActiveCfg = Debug|Any CPU
		{9068EBAD-EB4D-4607-86D6-10CC0899618E}.Debug|Any CPU.Build.0 = Debug|Any CPU
		{9068EBAD-EB4D-4607-86D6-10CC0899618E}.Release|Any CPU.ActiveCfg = Release|Any CPU
		{9068EBAD-EB4D-4607-86D6-10CC0899618E}.Release|Any CPU.Build.0 = Release|Any CPU
	EndGlobalSection
	GlobalSection(SolutionProperties) = preSolution
		HideSolutionNode = FALSE
	EndGlobalSection
	GlobalSection(ExtensibilityGlobals) = postSolution
		SolutionGuid = {99EE556D-62F5-4861-949F-9B803D46F685}
	EndGlobalSection
EndGlobal
